
Microsoft Visual Studio Solution File, Format Version 12.00
# Visual Studio Version 17
VisualStudioVersion = 17.7.34024.191
MinimumVisualStudioVersion = 10.0.40219.1
Project("{FAE04EC0-301F-11D3-BF4B-00C04F79EFBC}") = "LD3_22_1", "LD3_22_1\LD3_22_1.csproj", "{6270A77B-1F53-4164-BFF8-A5252071B26A}"
EndProject
Project("{FAE04EC0-301F-11D3-BF4B-00C04F79EFBC}") = "TestProject1", "TestProject1\TestProject1.csproj", "{2B0D7BA4-2AE8-4A45-9FD5-FFF2CF1C4ED9}"
EndProject
Global
	GlobalSection(SolutionConfigurationPlatforms) = preSolution
		Debug|Any CPU = Debug|Any CPU
		Release|Any CPU = Release|Any CPU
	EndGlobalSection
	GlobalSection(ProjectConfigurationPlatforms) = postSolution
		{6270A77B-1F53-4164-BFF8-A5252071B26A}.Debug|Any CPU.ActiveCfg = Debug|Any CPU
		{6270A77B-1F53-4164-BFF8-A5252071B26A}.Debug|Any CPU.Build.0 = Debug|Any CPU
		{6270A77B-1F53-4164-BFF8-A5252071B26A}.Release|Any CPU.ActiveCfg = Release|Any CPU
		{6270A77B-1F53-4164-BFF8-A5252071B26A}.Release|Any CPU.Build.0 = Release|Any CPU
		{2B0D7BA4-2AE8-4A45-9FD5-FFF2CF1C4ED9}.Debug|Any CPU.ActiveCfg = Debug|Any CPU
		{2B0D7BA4-2AE8-4A45-9FD5-FFF2CF1C4ED9}.Debug|Any CPU.Build.0 = Debug|Any CPU
		{2B0D7BA4-2AE8-4A45-9FD5-FFF2CF1C4ED9}.Release|Any CPU.ActiveCfg = Release|Any CPU
		{2B0D7BA4-2AE8-4A45-9FD5-FFF2CF1C4ED9}.Release|Any CPU.Build.0 = Release|Any CPU
	EndGlobalSection
	GlobalSection(SolutionProperties) = preSolution
		HideSolutionNode = FALSE
	EndGlobalSection
	GlobalSection(ExtensibilityGlobals) = postSolution
		SolutionGuid = {FFD74EA2-5601-4671-A244-68FC2DEB7EB5}
	EndGlobalSection
EndGlobal
